// !$*UTF8*$!
{
	archiveVersion = 1;
	classes = {
	};
	objectVersion = 46;
	objects = {

/* Begin PBXBuildFile section */
		C3FD03921B0ADE7C0049B42E /* main.m in Sources */ = {isa = PBXBuildFile; fileRef = C3FD03911B0ADE7C0049B42E /* main.m */; };
		C3FD03951B0ADE7C0049B42E /* AppDelegate.m in Sources */ = {isa = PBXBuildFile; fileRef = C3FD03941B0ADE7C0049B42E /* AppDelegate.m */; };
		C3FD03981B0ADE7C0049B42E /* ViewController.m in Sources */ = {isa = PBXBuildFile; fileRef = C3FD03971B0ADE7C0049B42E /* ViewController.m */; };
		C3FD039B1B0ADE7C0049B42E /* Main.storyboard in Resources */ = {isa = PBXBuildFile; fileRef = C3FD03991B0ADE7C0049B42E /* Main.storyboard */; };
		C3FD039D1B0ADE7C0049B42E /* Images.xcassets in Resources */ = {isa = PBXBuildFile; fileRef = C3FD039C1B0ADE7C0049B42E /* Images.xcassets */; };
		C3FD03A01B0ADE7C0049B42E /* LaunchScreen.xib in Resources */ = {isa = PBXBuildFile; fileRef = C3FD039E1B0ADE7C0049B42E /* LaunchScreen.xib */; };
		C3FD03AC1B0ADE7C0049B42E /* BLDatabaseTests.m in Sources */ = {isa = PBXBuildFile; fileRef = C3FD03AB1B0ADE7C0049B42E /* BLDatabaseTests.m */; };
/* End PBXBuildFile section */

/* Begin PBXContainerItemProxy section */
		C3FD03A61B0ADE7C0049B42E /* PBXContainerItemProxy */ = {
			isa = PBXContainerItemProxy;
			containerPortal = C3FD03841B0ADE7C0049B42E /* Project object */;
			proxyType = 1;
			remoteGlobalIDString = C3FD038B1B0ADE7C0049B42E;
			remoteInfo = BLDatabase;
		};
/* End PBXContainerItemProxy section */

/* Begin PBXFileReference section */
		C3FD038C1B0ADE7C0049B42E /* BLDatabase.app */ = {isa = PBXFileReference; explicitFileType = wrapper.application; includeInIndex = 0; path = BLDatabase.app; sourceTree = BUILT_PRODUCTS_DIR; };
		C3FD03901B0ADE7C0049B42E /* Info.plist */ = {isa = PBXFileReference; lastKnownFileType = text.plist.xml; path = Info.plist; sourceTree = "<group>"; };
		C3FD03911B0ADE7C0049B42E /* main.m */ = {isa = PBXFileReference; lastKnownFileType = sourcecode.c.objc; path = main.m; sourceTree = "<group>"; };
		C3FD03931B0ADE7C0049B42E /* AppDelegate.h */ = {isa = PBXFileReference; lastKnownFileType = sourcecode.c.h; path = AppDelegate.h; sourceTree = "<group>"; };
		C3FD03941B0ADE7C0049B42E /* AppDelegate.m */ = {isa = PBXFileReference; lastKnownFileType = sourcecode.c.objc; path = AppDelegate.m; sourceTree = "<group>"; };
		C3FD03961B0ADE7C0049B42E /* ViewController.h */ = {isa = PBXFileReference; lastKnownFileType = sourcecode.c.h; path = ViewController.h; sourceTree = "<group>"; };
		C3FD03971B0ADE7C0049B42E /* ViewController.m */ = {isa = PBXFileReference; lastKnownFileType = sourcecode.c.objc; path = ViewController.m; sourceTree = "<group>"; };
		C3FD039A1B0ADE7C0049B42E /* Base */ = {isa = PBXFileReference; lastKnownFileType = file.storyboard; name = Base; path = Base.lproj/Main.storyboard; sourceTree = "<group>"; };
		C3FD039C1B0ADE7C0049B42E /* Images.xcassets */ = {isa = PBXFileReference; lastKnownFileType = folder.assetcatalog; path = Images.xcassets; sourceTree = "<group>"; };
		C3FD039F1B0ADE7C0049B42E /* Base */ = {isa = PBXFileReference; lastKnownFileType = file.xib; name = Base; path = Base.lproj/LaunchScreen.xib; sourceTree = "<group>"; };
		C3FD03A51B0ADE7C0049B42E /* BLDatabaseTests.xctest */ = {isa = PBXFileReference; explicitFileType = wrapper.cfbundle; includeInIndex = 0; path = BLDatabaseTests.xctest; sourceTree = BUILT_PRODUCTS_DIR; };
		C3FD03AA1B0ADE7C0049B42E /* Info.plist */ = {isa = PBXFileReference; lastKnownFileType = text.plist.xml; path = Info.plist; sourceTree = "<group>"; };
		C3FD03AB1B0ADE7C0049B42E /* BLDatabaseTests.m */ = {isa = PBXFileReference; lastKnownFileType = sourcecode.c.objc; path = BLDatabaseTests.m; sourceTree = "<group>"; };
/* End PBXFileReference section */

/* Begin PBXFrameworksBuildPhase section */
		C3FD03891B0ADE7C0049B42E /* Frameworks */ = {
			isa = PBXFrameworksBuildPhase;
			buildActionMask = 2147483647;
			files = (
			);
			runOnlyForDeploymentPostprocessing = 0;
		};
		C3FD03A21B0ADE7C0049B42E /* Frameworks */ = {
			isa = PBXFrameworksBuildPhase;
			buildActionMask = 2147483647;
			files = (
			);
			runOnlyForDeploymentPostprocessing = 0;
		};
/* End PBXFrameworksBuildPhase section */

/* Begin PBXGroup section */
		C3FD03831B0ADE7C0049B42E = {
			isa = PBXGroup;
			children = (
				C3FD038E1B0ADE7C0049B42E /* BLDatabase */,
				C3FD03A81B0ADE7C0049B42E /* BLDatabaseTests */,
				C3FD038D1B0ADE7C0049B42E /* Products */,
			);
			sourceTree = "<group>";
		};
		C3FD038D1B0ADE7C0049B42E /* Products */ = {
			isa = PBXGroup;
			children = (
				C3FD038C1B0ADE7C0049B42E /* BLDatabase.app */,
				C3FD03A51B0ADE7C0049B42E /* BLDatabaseTests.xctest */,
			);
			name = Products;
			sourceTree = "<group>";
		};
		C3FD038E1B0ADE7C0049B42E /* BLDatabase */ = {
			isa = PBXGroup;
			children = (
				C3FD03931B0ADE7C0049B42E /* AppDelegate.h */,
				C3FD03941B0ADE7C0049B42E /* AppDelegate.m */,
				C3FD03961B0ADE7C0049B42E /* ViewController.h */,
				C3FD03971B0ADE7C0049B42E /* ViewController.m */,
				C3FD03991B0ADE7C0049B42E /* Main.storyboard */,
				C3FD039C1B0ADE7C0049B42E /* Images.xcassets */,
				C3FD039E1B0ADE7C0049B42E /* LaunchScreen.xib */,
				C3FD038F1B0ADE7C0049B42E /* Supporting Files */,
			);
			path = BLDatabase;
			sourceTree = "<group>";
		};
		C3FD038F1B0ADE7C0049B42E /* Supporting Files */ = {
			isa = PBXGroup;
			children = (
				C3FD03901B0ADE7C0049B42E /* Info.plist */,
				C3FD03911B0ADE7C0049B42E /* main.m */,
			);
			name = "Supporting Files";
			sourceTree = "<group>";
		};
		C3FD03A81B0ADE7C0049B42E /* BLDatabaseTests */ = {
			isa = PBXGroup;
			children = (
				C3FD03AB1B0ADE7C0049B42E /* BLDatabaseTests.m */,
				C3FD03A91B0ADE7C0049B42E /* Supporting Files */,
			);
			path = BLDatabaseTests;
			sourceTree = "<group>";
		};
		C3FD03A91B0ADE7C0049B42E /* Supporting Files */ = {
			isa = PBXGroup;
			children = (
				C3FD03AA1B0ADE7C0049B42E /* Info.plist */,
			);
			name = "Supporting Files";
			sourceTree = "<group>";
		};
/* End PBXGroup section */

/* Begin PBXNativeTarget section */
		C3FD038B1B0ADE7C0049B42E /* BLDatabase */ = {
			isa = PBXNativeTarget;
			buildConfigurationList = C3FD03AF1B0ADE7C0049B42E /* Build configuration list for PBXNativeTarget "BLDatabase" */;
			buildPhases = (
				C3FD03881B0ADE7C0049B42E /* Sources */,
				C3FD03891B0ADE7C0049B42E /* Frameworks */,
				C3FD038A1B0ADE7C0049B42E /* Resources */,
			);
			buildRules = (
			);
			dependencies = (
			);
			name = BLDatabase;
			productName = BLDatabase;
			productReference = C3FD038C1B0ADE7C0049B42E /* BLDatabase.app */;
			productType = "com.apple.product-type.application";
		};
		C3FD03A41B0ADE7C0049B42E /* BLDatabaseTests */ = {
			isa = PBXNativeTarget;
			buildConfigurationList = C3FD03B21B0ADE7C0049B42E /* Build configuration list for PBXNativeTarget "BLDatabaseTests" */;
			buildPhases = (
				C3FD03A11B0ADE7C0049B42E /* Sources */,
				C3FD03A21B0ADE7C0049B42E /* Frameworks */,
				C3FD03A31B0ADE7C0049B42E /* Resources */,
			);
			buildRules = (
			);
			dependencies = (
				C3FD03A71B0ADE7C0049B42E /* PBXTargetDependency */,
			);
			name = BLDatabaseTests;
			productName = BLDatabaseTests;
			productReference = C3FD03A51B0ADE7C0049B42E /* BLDatabaseTests.xctest */;
			productType = "com.apple.product-type.bundle.unit-test";
		};
/* End PBXNativeTarget section */

/* Begin PBXProject section */
		C3FD03841B0ADE7C0049B42E /* Project object */ = {
			isa = PBXProject;
			attributes = {
				LastUpgradeCheck = 0630;
				ORGANIZATIONNAME = wxw;
				TargetAttributes = {
					C3FD038B1B0ADE7C0049B42E = {
						CreatedOnToolsVersion = 6.3.1;
					};
					C3FD03A41B0ADE7C0049B42E = {
						CreatedOnToolsVersion = 6.3.1;
						TestTargetID = C3FD038B1B0ADE7C0049B42E;
					};
				};
			};
			buildConfigurationList = C3FD03871B0ADE7C0049B42E /* Build configuration list for PBXProject "BLDatabase" */;
			compatibilityVersion = "Xcode 3.2";
			developmentRegion = English;
			hasScannedForEncodings = 0;
			knownRegions = (
				en,
				Base,
			);
			mainGroup = C3FD03831B0ADE7C0049B42E;
			productRefGroup = C3FD038D1B0ADE7C0049B42E /* Products */;
			projectDirPath = "";
			projectRoot = "";
			targets = (
				C3FD038B1B0ADE7C0049B42E /* BLDatabase */,
				C3FD03A41B0ADE7C0049B42E /* BLDatabaseTests */,
			);
		};
/* End PBXProject section */

/* Begin PBXResourcesBuildPhase section */
		C3FD038A1B0ADE7C0049B42E /* Resources */ = {
			isa = PBXResourcesBuildPhase;
			buildActionMask = 2147483647;
			files = (
				C3FD039B1B0ADE7C0049B42E /* Main.storyboard in Resources */,
				C3FD03A01B0ADE7C0049B42E /* LaunchScreen.xib in Resources */,
				C3FD039D1B0ADE7C0049B42E /* Images.xcassets in Resources */,
			);
			runOnlyForDeploymentPostprocessing = 0;
		};
		C3FD03A31B0ADE7C0049B42E /* Resources */ = {
			isa = PBXResourcesBuildPhase;
			buildActionMask = 2147483647;
			files = (
			);
			runOnlyForDeploymentPostprocessing = 0;
		};
/* End PBXResourcesBuildPhase section */

/* Begin PBXSourcesBuildPhase section */
		C3FD03881B0ADE7C0049B42E /* Sources */ = {
			isa = PBXSourcesBuildPhase;
			buildActionMask = 2147483647;
			files = (
				C3FD03981B0ADE7C0049B42E /* ViewController.m in Sources */,
				C3FD03951B0ADE7C0049B42E /* AppDelegate.m in Sources */,
				C3FD03921B0ADE7C0049B42E /* main.m in Sources */,
			);
			runOnlyForDeploymentPostprocessing = 0;
		};
		C3FD03A11B0ADE7C0049B42E /* Sources */ = {
			isa = PBXSourcesBuildPhase;
			buildActionMask = 2147483647;
			files = (
				C3FD03AC1B0ADE7C0049B42E /* BLDatabaseTests.m in Sources */,
			);
			runOnlyForDeploymentPostprocessing = 0;
		};
/* End PBXSourcesBuildPhase section */

/* Begin PBXTargetDependency section */
		C3FD03A71B0ADE7C0049B42E /* PBXTargetDependency */ = {
			isa = PBXTargetDependency;
			target = C3FD038B1B0ADE7C0049B42E /* BLDatabase */;
			targetProxy = C3FD03A61B0ADE7C0049B42E /* PBXContainerItemProxy */;
		};
/* End PBXTargetDependency section */

/* Begin PBXVariantGroup section */
		C3FD03991B0ADE7C0049B42E /* Main.storyboard */ = {
			isa = PBXVariantGroup;
			children = (
				C3FD039A1B0ADE7C0049B42E /* Base */,
			);
			name = Main.storyboard;
			sourceTree = "<group>";
		};
		C3FD039E1B0ADE7C0049B42E /* LaunchScreen.xib */ = {
			isa = PBXVariantGroup;
			children = (
				C3FD039F1B0ADE7C0049B42E /* Base */,
			);
			name = LaunchScreen.xib;
			sourceTree = "<group>";
		};
/* End PBXVariantGroup section */

/* Begin XCBuildConfiguration section */
		C3FD03AD1B0ADE7C0049B42E /* Debug */ = {
			isa = XCBuildConfiguration;
			buildSettings = {
				ALWAYS_SEARCH_USER_PATHS = NO;
				CLANG_CXX_LANGUAGE_STANDARD = "gnu++0x";
				CLANG_CXX_LIBRARY = "libc++";
				CLANG_ENABLE_MODULES = YES;
				CLANG_ENABLE_OBJC_ARC = YES;
				CLANG_WARN_BOOL_CONVERSION = YES;
				CLANG_WARN_CONSTANT_CONVERSION = YES;
				CLANG_WARN_DIRECT_OBJC_ISA_USAGE = YES_ERROR;
				CLANG_WARN_EMPTY_BODY = YES;
				CLANG_WARN_ENUM_CONVERSION = YES;
				CLANG_WARN_INT_CONVERSION = YES;
				CLANG_WARN_OBJC_ROOT_CLASS = YES_ERROR;
				CLANG_WARN_UNREACHABLE_CODE = YES;
				CLANG_WARN__DUPLICATE_METHOD_MATCH = YES;
				"CODE_SIGN_IDENTITY[sdk=iphoneos*]" = "iPhone Developer";
				COPY_PHASE_STRIP = NO;
				DEBUG_INFORMATION_FORMAT = "dwarf-with-dsym";
				ENABLE_STRICT_OBJC_MSGSEND = YES;
				GCC_C_LANGUAGE_STANDARD = gnu99;
				GCC_DYNAMIC_NO_PIC = NO;
				GCC_NO_COMMON_BLOCKS = YES;
				GCC_OPTIMIZATION_LEVEL = 0;
				GCC_PREPROCESSOR_DEFINITIONS = (
					"DEBUG=1",
					"$(inherited)",
				);
				GCC_SYMBOLS_PRIVATE_EXTERN = NO;
				GCC_WARN_64_TO_32_BIT_CONVERSION = YES;
				GCC_WARN_ABOUT_RETURN_TYPE = YES_ERROR;
				GCC_WARN_UNDECLARED_SELECTOR = YES;
				GCC_WARN_UNINITIALIZED_AUTOS = YES_AGGRESSIVE;
				GCC_WARN_UNUSED_FUNCTION = YES;
				GCC_WARN_UNUSED_VARIABLE = YES;
				IPHONEOS_DEPLOYMENT_TARGET = 8.3;
				MTL_ENABLE_DEBUG_INFO = YES;
				ONLY_ACTIVE_ARCH = YES;
				SDKROOT = iphoneos;
			};
			name = Debug;
		};
		C3FD03AE1B0ADE7C0049B42E /* Release */ = {
			isa = XCBuildConfiguration;
			buildSettings = {
				ALWAYS_SEARCH_USER_PATHS = NO;
				CLANG_CXX_LANGUAGE_STANDARD = "gnu++0x";
				CLANG_CXX_LIBRARY = "libc++";
				CLANG_ENABLE_MODULES = YES;
				CLANG_ENABLE_OBJC_ARC = YES;
				CLANG_WARN_BOOL_CONVERSION = YES;
				CLANG_WARN_CONSTANT_CONVERSION = YES;
				CLANG_WARN_DIRECT_OBJC_ISA_USAGE = YES_ERROR;
				CLANG_WARN_EMPTY_BODY = YES;
				CLANG_WARN_ENUM_CONVERSION = YES;
				CLANG_WARN_INT_CONVERSION = YES;
				CLANG_WARN_OBJC_ROOT_CLASS = YES_ERROR;
				CLANG_WARN_UNREACHABLE_CODE = YES;
				CLANG_WARN__DUPLICATE_METHOD_MATCH = YES;
				"CODE_SIGN_IDENTITY[sdk=iphoneos*]" = "iPhone Developer";
				COPY_PHASE_STRIP = NO;
				DEBUG_INFORMATION_FORMAT = "dwarf-with-dsym";
				ENABLE_NS_ASSERTIONS = NO;
				ENABLE_STRICT_OBJC_MSGSEND = YES;
				GCC_C_LANGUAGE_STANDARD = gnu99;
				GCC_NO_COMMON_BLOCKS = YES;
				GCC_WARN_64_TO_32_BIT_CONVERSION = YES;
				GCC_WARN_ABOUT_RETURN_TYPE = YES_ERROR;
				GCC_WARN_UNDECLARED_SELECTOR = YES;
				GCC_WARN_UNINITIALIZED_AUTOS = YES_AGGRESSIVE;
				GCC_WARN_UNUSED_FUNCTION = YES;
				GCC_WARN_UNUSED_VARIABLE = YES;
				IPHONEOS_DEPLOYMENT_TARGET = 8.3;
				MTL_ENABLE_DEBUG_INFO = NO;
				SDKROOT = iphoneos;
				VALIDATE_PRODUCT = YES;
			};
			name = Release;
		};
		C3FD03B01B0ADE7C0049B42E /* Debug */ = {
			isa = XCBuildConfiguration;
			buildSettings = {
				ASSETCATALOG_COMPILER_APPICON_NAME = AppIcon;
				INFOPLIST_FILE = BLDatabase/Info.plist;
				LD_RUNPATH_SEARCH_PATHS = "$(inherited) @executable_path/Frameworks";
				PRODUCT_NAME = "$(TARGET_NAME)";
			};
			name = Debug;
		};
		C3FD03B11B0ADE7C0049B42E /* Release */ = {
			isa = XCBuildConfiguration;
			buildSettings = {
				ASSETCATALOG_COMPILER_APPICON_NAME = AppIcon;
				INFOPLIST_FILE = BLDatabase/Info.plist;
				LD_RUNPATH_SEARCH_PATHS = "$(inherited) @executable_path/Frameworks";
				PRODUCT_NAME = "$(TARGET_NAME)";
			};
			name = Release;
		};
		C3FD03B31B0ADE7C0049B42E /* Debug */ = {
			isa = XCBuildConfiguration;
			buildSettings = {
				BUNDLE_LOADER = "$(TEST_HOST)";
				FRAMEWORK_SEARCH_PATHS = (
					"$(SDKROOT)/Developer/Library/Frameworks",
					"$(inherited)",
				);
				GCC_PREPROCESSOR_DEFINITIONS = (
					"DEBUG=1",
					"$(inherited)",
				);
				INFOPLIST_FILE = BLDatabaseTests/Info.plist;
				LD_RUNPATH_SEARCH_PATHS = "$(inherited) @executable_path/Frameworks @loader_path/Frameworks";
				PRODUCT_NAME = "$(TARGET_NAME)";
				TEST_HOST = "$(BUILT_PRODUCTS_DIR)/BLDatabase.app/BLDatabase";
			};
			name = Debug;
		};
		C3FD03B41B0ADE7C0049B42E /* Release */ = {
			isa = XCBuildConfiguration;
			buildSettings = {
				BUNDLE_LOADER = "$(TEST_HOST)";
				FRAMEWORK_SEARCH_PATHS = (
					"$(SDKROOT)/Developer/Library/Frameworks",
					"$(inherited)",
				);
				INFOPLIST_FILE = BLDatabaseTests/Info.plist;
				LD_RUNPATH_SEARCH_PATHS = "$(inherited) @executable_path/Frameworks @loader_path/Frameworks";
				PRODUCT_NAME = "$(TARGET_NAME)";
				TEST_HOST = "$(BUILT_PRODUCTS_DIR)/BLDatabase.app/BLDatabase";
			};
			name = Release;
		};
/* End XCBuildConfiguration section */

/* Begin XCConfigurationList section */
		C3FD03871B0ADE7C0049B42E /* Build configuration list for PBXProject "BLDatabase" */ = {
			isa = XCConfigurationList;
			buildConfigurations = (
				C3FD03AD1B0ADE7C0049B42E /* Debug */,
				C3FD03AE1B0ADE7C0049B42E /* Release */,
			);
			defaultConfigurationIsVisible = 0;
			defaultConfigurationName = Release;
		};
		C3FD03AF1B0ADE7C0049B42E /* Build configuration list for PBXNativeTarget "BLDatabase" */ = {
			isa = XCConfigurationList;
			buildConfigurations = (
				C3FD03B01B0ADE7C0049B42E /* Debug */,
				C3FD03B11B0ADE7C0049B42E /* Release */,
			);
			defaultConfigurationIsVisible = 0;
		};
		C3FD03B21B0ADE7C0049B42E /* Build configuration list for PBXNativeTarget "BLDatabaseTests" */ = {
			isa = XCConfigurationList;
			buildConfigurations = (
				C3FD03B31B0ADE7C0049B42E /* Debug */,
				C3FD03B41B0ADE7C0049B42E /* Release */,
			);
			defaultConfigurationIsVisible = 0;
		};
/* End XCConfigurationList section */
	};
	rootObject = C3FD03841B0ADE7C0049B42E /* Project object */;
}
